{
  "name": "update_google_tranlsate_glossary",
  "version": "1.0.0",
  "lockfileVersion": 2,
  "requires": true,
  "packages": {
    "": {
      "name": "update_google_tranlsate_glossary",
      "version": "1.0.0",
      "license": "MIT",
      "dependencies": {
        "@actions/core": "^1.9.0",
        "@types/node-fetch": "^2.6.2",
        "node-fetch": "^3.2.6"
      },
      "devDependencies": {
        "@types/node": "^18.0.0",
        "@vercel/ncc": "^0.34.0",
        "typescript": "^4.7.4"
      }
    },
    "node_modules/@actions/core": {
      "version": "1.9.0",
      "license": "MIT",
      "dependencies": {
        "@actions/http-client": "^2.0.1"
      }
    },
    "node_modules/@actions/http-client": {
      "version": "2.0.1",
      "license": "MIT",
      "dependencies": {
        "tunnel": "^0.0.6"
      }
    },
    "node_modules/@types/node": {
      "version": "18.0.0",
      "license": "MIT"
    },
    "node_modules/@types/node-fetch": {
      "version": "2.6.2",
      "license": "MIT",
      "dependencies": {
        "@types/node": "*",
        "form-data": "^3.0.0"
      }
    },
    "node_modules/@vercel/ncc": {
      "version": "0.34.0",
      "dev": true,
      "license": "MIT",
      "bin": {
        "ncc": "dist/ncc/cli.js"
      }
    },
    "node_modules/asynckit": {
      "version": "0.4.0",
      "license": "MIT"
    },
    "node_modules/combined-stream": {
      "version": "1.0.8",
      "license": "MIT",
      "dependencies": {
        "delayed-stream": "~1.0.0"
      },
      "engines": {
        "node": ">= 0.8"
      }
    },
    "node_modules/data-uri-to-buffer": {
      "version": "4.0.0",
      "license": "MIT",
      "engines": {
        "node": ">= 12"
      }
    },
    "node_modules/delayed-stream": {
      "version": "1.0.0",
      "license": "MIT",
      "engines": {
        "node": ">=0.4.0"
      }
    },
    "node_modules/fetch-blob": {
      "version": "3.1.5",
      "funding": [
        {
          "type": "github",
          "url": "https://github.com/sponsors/jimmywarting"
        },
        {
          "type": "paypal",
          "url": "https://paypal.me/jimmywarting"
        }
      ],
      "license": "MIT",
      "dependencies": {
        "node-domexception": "^1.0.0",
        "web-streams-polyfill": "^3.0.3"
      },
      "engines": {
        "node": "^12.20 || >= 14.13"
      }
    },
    "node_modules/form-data": {
      "version": "3.0.1",
      "license": "MIT",
      "dependencies": {
        "asynckit": "^0.4.0",
        "combined-stream": "^1.0.8",
        "mime-types": "^2.1.12"
      },
      "engines": {
        "node": ">= 6"
      }
    },
    "node_modules/formdata-polyfill": {
      "version": "4.0.10",
      "license": "MIT",
      "dependencies": {
        "fetch-blob": "^3.1.2"
      },
      "engines": {
        "node": ">=12.20.0"
      }
    },
    "node_modules/mime-db": {
      "version": "1.52.0",
      "license": "MIT",
      "engines": {
        "node": ">= 0.6"
      }
    },
    "node_modules/mime-types": {
      "version": "2.1.35",
      "license": "MIT",
      "dependencies": {
        "mime-db": "1.52.0"
      },
      "engines": {
        "node": ">= 0.6"
      }
    },
    "node_modules/node-domexception": {
      "version": "1.0.0",
      "funding": [
        {
          "type": "github",
          "url": "https://github.com/sponsors/jimmywarting"
        },
        {
          "type": "github",
          "url": "https://paypal.me/jimmywarting"
        }
      ],
      "license": "MIT",
      "engines": {
        "node": ">=10.5.0"
      }
    },
    "node_modules/node-fetch": {
      "version": "3.2.6",
      "license": "MIT",
      "dependencies": {
        "data-uri-to-buffer": "^4.0.0",
        "fetch-blob": "^3.1.4",
        "formdata-polyfill": "^4.0.10"
      },
      "engines": {
        "node": "^12.20.0 || ^14.13.1 || >=16.0.0"
      },
      "funding": {
        "type": "opencollective",
        "url": "https://opencollective.com/node-fetch"
      }
    },
    "node_modules/tunnel": {
      "version": "0.0.6",
      "license": "MIT",
      "engines": {
        "node": ">=0.6.11 <=0.7.0 || >=0.7.3"
      }
    },
    "node_modules/typescript": {
      "version": "4.7.4",
      "dev": true,
      "license": "Apache-2.0",
      "bin": {
        "tsc": "bin/tsc",
        "tsserver": "bin/tsserver"
      },
      "engines": {
        "node": ">=4.2.0"
      }
    },
    "node_modules/web-streams-polyfill": {
      "version": "3.2.1",
      "license": "MIT",
      "engines": {
        "node": ">= 8"
      }
    }
  },
  "dependencies": {
    "@actions/core": {
      "version": "1.9.0",
      "requires": {
        "@actions/http-client": "^2.0.1"
      }
    },
    "@actions/http-client": {
      "version": "2.0.1",
      "requires": {
        "tunnel": "^0.0.6"
      }
    },
    "@types/node": {
      "version": "18.0.0"
    },
    "@types/node-fetch": {
      "version": "2.6.2",
      "requires": {
        "@types/node": "*",
        "form-data": "^3.0.0"
      }
    },
    "@vercel/ncc": {
      "version": "0.34.0",
      "dev": true
    },
    "asynckit": {
      "version": "0.4.0"
    },
    "combined-stream": {
      "version": "1.0.8",
      "requires": {
        "delayed-stream": "~1.0.0"
      }
    },
    "data-uri-to-buffer": {
      "version": "4.0.0"
    },
    "delayed-stream": {
      "version": "1.0.0"
    },
    "fetch-blob": {
      "version": "3.1.5",
      "requires": {
        "node-domexception": "^1.0.0",
        "web-streams-polyfill": "^3.0.3"
      }
    },
    "form-data": {
      "version": "3.0.1",
      "requires": {
        "asynckit": "^0.4.0",
        "combined-stream": "^1.0.8",
        "mime-types": "^2.1.12"
      }
    },
    "formdata-polyfill": {
      "version": "4.0.10",
      "requires": {
        "fetch-blob": "^3.1.2"
      }
    },
    "mime-db": {
      "version": "1.52.0"
    },
    "mime-types": {
      "version": "2.1.35",
      "requires": {
        "mime-db": "1.52.0"
      }
    },
    "node-domexception": {
      "version": "1.0.0"
    },
    "node-fetch": {
      "version": "3.2.6",
      "requires": {
        "data-uri-to-buffer": "^4.0.0",
        "fetch-blob": "^3.1.4",
        "formdata-polyfill": "^4.0.10"
      }
    },
    "tunnel": {
      "version": "0.0.6"
    },
    "typescript": {
      "version": "4.7.4",
      "dev": true
    },
    "web-streams-polyfill": {
      "version": "3.2.1"
    }
  }
}
